// !$*UTF8*$!
{
	archiveVersion = 1;
	classes = {
	};
	objectVersion = 55;
	objects = {

/* Begin PBXBuildFile section */
		6562005EC793302F45BB34BE /* Pods_Weather.framework in Frameworks */ = {isa = PBXBuildFile; fileRef = AD375DEA6B2BE683731D1A80 /* Pods_Weather.framework */; };
		D286411E28DCE5B100ED2AB1 /* WeatherData.swift in Sources */ = {isa = PBXBuildFile; fileRef = D286411D28DCE5B100ED2AB1 /* WeatherData.swift */; };
		D286412028DCE7D100ED2AB1 /* WeatherManager.swift in Sources */ = {isa = PBXBuildFile; fileRef = D286411F28DCE7D100ED2AB1 /* WeatherManager.swift */; };
		D286412328DCFB3500ED2AB1 /* Double+Extensions.swift in Sources */ = {isa = PBXBuildFile; fileRef = D286412228DCFB3500ED2AB1 /* Double+Extensions.swift */; };
		D286412528DDE9AA00ED2AB1 /* UIView+Extensions.swift in Sources */ = {isa = PBXBuildFile; fileRef = D286412428DDE9AA00ED2AB1 /* UIView+Extensions.swift */; };
		D286412828DDEB3600ED2AB1 /* AddCityViewController.swift in Sources */ = {isa = PBXBuildFile; fileRef = D286412728DDEB3600ED2AB1 /* AddCityViewController.swift */; };
		D286412A28DFA24000ED2AB1 /* Int+Extensions.swift in Sources */ = {isa = PBXBuildFile; fileRef = D286412928DFA23F00ED2AB1 /* Int+Extensions.swift */; };
		D286412D28DFB73400ED2AB1 /* WeatherDataFailure.swift in Sources */ = {isa = PBXBuildFile; fileRef = D286412C28DFB73400ED2AB1 /* WeatherDataFailure.swift */; };
		D286412F28E78A9F00ED2AB1 /* CacheManager.swift in Sources */ = {isa = PBXBuildFile; fileRef = D286412E28E78A9F00ED2AB1 /* CacheManager.swift */; };
		D293A81928DBACB700096F73 /* AppDelegate.swift in Sources */ = {isa = PBXBuildFile; fileRef = D293A81828DBACB700096F73 /* AppDelegate.swift */; };
		D293A81B28DBACB700096F73 /* SceneDelegate.swift in Sources */ = {isa = PBXBuildFile; fileRef = D293A81A28DBACB700096F73 /* SceneDelegate.swift */; };
		D293A81D28DBACB700096F73 /* WeatherViewController.swift in Sources */ = {isa = PBXBuildFile; fileRef = D293A81C28DBACB700096F73 /* WeatherViewController.swift */; };
		D293A82028DBACB700096F73 /* Main.storyboard in Resources */ = {isa = PBXBuildFile; fileRef = D293A81E28DBACB700096F73 /* Main.storyboard */; };
		D293A82228DBACBF00096F73 /* Assets.xcassets in Resources */ = {isa = PBXBuildFile; fileRef = D293A82128DBACBF00096F73 /* Assets.xcassets */; };
		D293A82528DBACBF00096F73 /* LaunchScreen.storyboard in Resources */ = {isa = PBXBuildFile; fileRef = D293A82328DBACBF00096F73 /* LaunchScreen.storyboard */; };
/* End PBXBuildFile section */

/* Begin PBXFileReference section */
		0078BB9E6C14571CBC1BFFEA /* Pods-Weather.debug.xcconfig */ = {isa = PBXFileReference; includeInIndex = 1; lastKnownFileType = text.xcconfig; name = "Pods-Weather.debug.xcconfig"; path = "Target Support Files/Pods-Weather/Pods-Weather.debug.xcconfig"; sourceTree = "<group>"; };
		4905CC235A1E546E36166BF6 /* Pods-Weather.release.xcconfig */ = {isa = PBXFileReference; includeInIndex = 1; lastKnownFileType = text.xcconfig; name = "Pods-Weather.release.xcconfig"; path = "Target Support Files/Pods-Weather/Pods-Weather.release.xcconfig"; sourceTree = "<group>"; };
		AD375DEA6B2BE683731D1A80 /* Pods_Weather.framework */ = {isa = PBXFileReference; explicitFileType = wrapper.framework; includeInIndex = 0; path = Pods_Weather.framework; sourceTree = BUILT_PRODUCTS_DIR; };
		D286411D28DCE5B100ED2AB1 /* WeatherData.swift */ = {isa = PBXFileReference; lastKnownFileType = sourcecode.swift; path = WeatherData.swift; sourceTree = "<group>"; };
		D286411F28DCE7D100ED2AB1 /* WeatherManager.swift */ = {isa = PBXFileReference; lastKnownFileType = sourcecode.swift; path = WeatherManager.swift; sourceTree = "<group>"; };
		D286412228DCFB3500ED2AB1 /* Double+Extensions.swift */ = {isa = PBXFileReference; lastKnownFileType = sourcecode.swift; path = "Double+Extensions.swift"; sourceTree = "<group>"; };
		D286412428DDE9AA00ED2AB1 /* UIView+Extensions.swift */ = {isa = PBXFileReference; lastKnownFileType = sourcecode.swift; path = "UIView+Extensions.swift"; sourceTree = "<group>"; };
		D286412728DDEB3600ED2AB1 /* AddCityViewController.swift */ = {isa = PBXFileReference; lastKnownFileType = sourcecode.swift; path = AddCityViewController.swift; sourceTree = "<group>"; };
		D286412928DFA23F00ED2AB1 /* Int+Extensions.swift */ = {isa = PBXFileReference; lastKnownFileType = sourcecode.swift; path = "Int+Extensions.swift"; sourceTree = "<group>"; };
		D286412C28DFB73400ED2AB1 /* WeatherDataFailure.swift */ = {isa = PBXFileReference; lastKnownFileType = sourcecode.swift; path = WeatherDataFailure.swift; sourceTree = "<group>"; };
		D286412E28E78A9F00ED2AB1 /* CacheManager.swift */ = {isa = PBXFileReference; lastKnownFileType = sourcecode.swift; path = CacheManager.swift; sourceTree = "<group>"; };
		D293A81528DBACB700096F73 /* Weather.app */ = {isa = PBXFileReference; explicitFileType = wrapper.application; includeInIndex = 0; path = Weather.app; sourceTree = BUILT_PRODUCTS_DIR; };
		D293A81828DBACB700096F73 /* AppDelegate.swift */ = {isa = PBXFileReference; lastKnownFileType = sourcecode.swift; path = AppDelegate.swift; sourceTree = "<group>"; };
		D293A81A28DBACB700096F73 /* SceneDelegate.swift */ = {isa = PBXFileReference; lastKnownFileType = sourcecode.swift; path = SceneDelegate.swift; sourceTree = "<group>"; };
		D293A81C28DBACB700096F73 /* WeatherViewController.swift */ = {isa = PBXFileReference; lastKnownFileType = sourcecode.swift; path = WeatherViewController.swift; sourceTree = "<group>"; };
		D293A81F28DBACB700096F73 /* Base */ = {isa = PBXFileReference; lastKnownFileType = file.storyboard; name = Base; path = Base.lproj/Main.storyboard; sourceTree = "<group>"; };
		D293A82128DBACBF00096F73 /* Assets.xcassets */ = {isa = PBXFileReference; lastKnownFileType = folder.assetcatalog; path = Assets.xcassets; sourceTree = "<group>"; };
		D293A82428DBACBF00096F73 /* Base */ = {isa = PBXFileReference; lastKnownFileType = file.storyboard; name = Base; path = Base.lproj/LaunchScreen.storyboard; sourceTree = "<group>"; };
		D293A82628DBACBF00096F73 /* Info.plist */ = {isa = PBXFileReference; lastKnownFileType = text.plist.xml; path = Info.plist; sourceTree = "<group>"; };
/* End PBXFileReference section */

/* Begin PBXFrameworksBuildPhase section */
		D293A81228DBACB700096F73 /* Frameworks */ = {
			isa = PBXFrameworksBuildPhase;
			buildActionMask = 2147483647;
			files = (
				6562005EC793302F45BB34BE /* Pods_Weather.framework in Frameworks */,
			);
			runOnlyForDeploymentPostprocessing = 0;
		};
/* End PBXFrameworksBuildPhase section */

/* Begin PBXGroup section */
		7C1CD65296B30C49DF458A86 /* Pods */ = {
			isa = PBXGroup;
			children = (
				0078BB9E6C14571CBC1BFFEA /* Pods-Weather.debug.xcconfig */,
				4905CC235A1E546E36166BF6 /* Pods-Weather.release.xcconfig */,
			);
			path = Pods;
			sourceTree = "<group>";
		};
		AD130F4EF92D6DF136BC73E4 /* Frameworks */ = {
			isa = PBXGroup;
			children = (
				AD375DEA6B2BE683731D1A80 /* Pods_Weather.framework */,
			);
			name = Frameworks;
			sourceTree = "<group>";
		};
		D286412128DCFB1E00ED2AB1 /* extension */ = {
			isa = PBXGroup;
			children = (
				D286412228DCFB3500ED2AB1 /* Double+Extensions.swift */,
				D286412428DDE9AA00ED2AB1 /* UIView+Extensions.swift */,
				D286412928DFA23F00ED2AB1 /* Int+Extensions.swift */,
			);
			path = extension;
			sourceTree = "<group>";
		};
		D286412628DDEB1B00ED2AB1 /* controller */ = {
			isa = PBXGroup;
			children = (
				D293A81C28DBACB700096F73 /* WeatherViewController.swift */,
				D286412728DDEB3600ED2AB1 /* AddCityViewController.swift */,
			);
			path = controller;
			sourceTree = "<group>";
		};
		D286412B28DFA2E000ED2AB1 /* app lifecycle */ = {
			isa = PBXGroup;
			children = (
				D293A81828DBACB700096F73 /* AppDelegate.swift */,
				D293A81A28DBACB700096F73 /* SceneDelegate.swift */,
			);
			path = "app lifecycle";
			sourceTree = "<group>";
		};
		D293A80C28DBACB700096F73 = {
			isa = PBXGroup;
			children = (
				D293A81728DBACB700096F73 /* Weather */,
				D293A81628DBACB700096F73 /* Products */,
				7C1CD65296B30C49DF458A86 /* Pods */,
				AD130F4EF92D6DF136BC73E4 /* Frameworks */,
			);
			sourceTree = "<group>";
		};
		D293A81628DBACB700096F73 /* Products */ = {
			isa = PBXGroup;
			children = (
				D293A81528DBACB700096F73 /* Weather.app */,
			);
			name = Products;
			sourceTree = "<group>";
		};
		D293A81728DBACB700096F73 /* Weather */ = {
			isa = PBXGroup;
			children = (
				D286412B28DFA2E000ED2AB1 /* app lifecycle */,
				D286412628DDEB1B00ED2AB1 /* controller */,
				D286412128DCFB1E00ED2AB1 /* extension */,
				D293A82E28DCE4E500096F73 /* model */,
				D293A83028DCE4F900096F73 /* manager */,
				D293A81E28DBACB700096F73 /* Main.storyboard */,
				D293A82128DBACBF00096F73 /* Assets.xcassets */,
				D293A82328DBACBF00096F73 /* LaunchScreen.storyboard */,
				D293A82628DBACBF00096F73 /* Info.plist */,
			);
			path = Weather;
			sourceTree = "<group>";
		};
		D293A82E28DCE4E500096F73 /* model */ = {
			isa = PBXGroup;
			children = (
				D286411D28DCE5B100ED2AB1 /* WeatherData.swift */,
				D286412C28DFB73400ED2AB1 /* WeatherDataFailure.swift */,
			);
			path = model;
			sourceTree = "<group>";
		};
		D293A83028DCE4F900096F73 /* manager */ = {
			isa = PBXGroup;
			children = (
				D286411F28DCE7D100ED2AB1 /* WeatherManager.swift */,
				D286412E28E78A9F00ED2AB1 /* CacheManager.swift */,
			);
			path = manager;
			sourceTree = "<group>";
		};
/* End PBXGroup section */

/* Begin PBXNativeTarget section */
		D293A81428DBACB700096F73 /* Weather */ = {
			isa = PBXNativeTarget;
			buildConfigurationList = D293A82928DBACBF00096F73 /* Build configuration list for PBXNativeTarget "Weather" */;
			buildPhases = (
				6415BBDE893E57493B151FA3 /* [CP] Check Pods Manifest.lock */,
				D293A81128DBACB700096F73 /* Sources */,
				D293A81228DBACB700096F73 /* Frameworks */,
				D293A81328DBACB700096F73 /* Resources */,
				D551767DFB08859F001576B5 /* [CP] Embed Pods Frameworks */,
			);
			buildRules = (
			);
			dependencies = (
			);
			name = Weather;
			productName = Weather;
			productReference = D293A81528DBACB700096F73 /* Weather.app */;
			productType = "com.apple.product-type.application";
		};
/* End PBXNativeTarget section */

/* Begin PBXProject section */
		D293A80D28DBACB700096F73 /* Project object */ = {
			isa = PBXProject;
			attributes = {
				BuildIndependentTargetsInParallel = 1;
				LastSwiftUpdateCheck = 1340;
				LastUpgradeCheck = 1340;
				TargetAttributes = {
					D293A81428DBACB700096F73 = {
						CreatedOnToolsVersion = 13.4.1;
					};
				};
			};
			buildConfigurationList = D293A81028DBACB700096F73 /* Build configuration list for PBXProject "Weather" */;
			compatibilityVersion = "Xcode 13.0";
			developmentRegion = en;
			hasScannedForEncodings = 0;
			knownRegions = (
				en,
				Base,
			);
			mainGroup = D293A80C28DBACB700096F73;
			productRefGroup = D293A81628DBACB700096F73 /* Products */;
			projectDirPath = "";
			projectRoot = "";
			targets = (
				D293A81428DBACB700096F73 /* Weather */,
			);
		};
/* End PBXProject section */

/* Begin PBXResourcesBuildPhase section */
		D293A81328DBACB700096F73 /* Resources */ = {
			isa = PBXResourcesBuildPhase;
			buildActionMask = 2147483647;
			files = (
				D293A82528DBACBF00096F73 /* LaunchScreen.storyboard in Resources */,
				D293A82228DBACBF00096F73 /* Assets.xcassets in Resources */,
				D293A82028DBACB700096F73 /* Main.storyboard in Resources */,
			);
			runOnlyForDeploymentPostprocessing = 0;
		};
/* End PBXResourcesBuildPhase section */

/* Begin PBXShellScriptBuildPhase section */
		6415BBDE893E57493B151FA3 /* [CP] Check Pods Manifest.lock */ = {
			isa = PBXShellScriptBuildPhase;
			buildActionMask = 2147483647;
			files = (
			);
			inputFileListPaths = (
			);
			inputPaths = (
				"${PODS_PODFILE_DIR_PATH}/Podfile.lock",
				"${PODS_ROOT}/Manifest.lock",
			);
			name = "[CP] Check Pods Manifest.lock";
			outputFileListPaths = (
			);
			outputPaths = (
				"$(DERIVED_FILE_DIR)/Pods-Weather-checkManifestLockResult.txt",
			);
			runOnlyForDeploymentPostprocessing = 0;
			shellPath = /bin/sh;
			shellScript = "diff \"${PODS_PODFILE_DIR_PATH}/Podfile.lock\" \"${PODS_ROOT}/Manifest.lock\" > /dev/null\nif [ $? != 0 ] ; then\n    # print error to STDERR\n    echo \"error: The sandbox is not in sync with the Podfile.lock. Run 'pod install' or update your CocoaPods installation.\" >&2\n    exit 1\nfi\n# This output is used by Xcode 'outputs' to avoid re-running this script phase.\necho \"SUCCESS\" > \"${SCRIPT_OUTPUT_FILE_0}\"\n";
			showEnvVarsInLog = 0;
		};
		D551767DFB08859F001576B5 /* [CP] Embed Pods Frameworks */ = {
			isa = PBXShellScriptBuildPhase;
			buildActionMask = 2147483647;
			files = (
			);
			inputFileListPaths = (
				"${PODS_ROOT}/Target Support Files/Pods-Weather/Pods-Weather-frameworks-${CONFIGURATION}-input-files.xcfilelist",
			);
			name = "[CP] Embed Pods Frameworks";
			outputFileListPaths = (
				"${PODS_ROOT}/Target Support Files/Pods-Weather/Pods-Weather-frameworks-${CONFIGURATION}-output-files.xcfilelist",
			);
			runOnlyForDeploymentPostprocessing = 0;
			shellPath = /bin/sh;
			shellScript = "\"${PODS_ROOT}/Target Support Files/Pods-Weather/Pods-Weather-frameworks.sh\"\n";
			showEnvVarsInLog = 0;
		};
/* End PBXShellScriptBuildPhase section */

/* Begin PBXSourcesBuildPhase section */
		D293A81128DBACB700096F73 /* Sources */ = {
			isa = PBXSourcesBuildPhase;
			buildActionMask = 2147483647;
			files = (
				D286412528DDE9AA00ED2AB1 /* UIView+Extensions.swift in Sources */,
				D286412D28DFB73400ED2AB1 /* WeatherDataFailure.swift in Sources */,
				D286412328DCFB3500ED2AB1 /* Double+Extensions.swift in Sources */,
				D293A81D28DBACB700096F73 /* WeatherViewController.swift in Sources */,
				D286412A28DFA24000ED2AB1 /* Int+Extensions.swift in Sources */,
				D293A81928DBACB700096F73 /* AppDelegate.swift in Sources */,
				D286412F28E78A9F00ED2AB1 /* CacheManager.swift in Sources */,
				D286412028DCE7D100ED2AB1 /* WeatherManager.swift in Sources */,
				D286411E28DCE5B100ED2AB1 /* WeatherData.swift in Sources */,
				D293A81B28DBACB700096F73 /* SceneDelegate.swift in Sources */,
				D286412828DDEB3600ED2AB1 /* AddCityViewController.swift in Sources */,
			);
			runOnlyForDeploymentPostprocessing = 0;
		};
/* End PBXSourcesBuildPhase section */

/* Begin PBXVariantGroup section */
		D293A81E28DBACB700096F73 /* Main.storyboard */ = {
			isa = PBXVariantGroup;
			children = (
				D293A81F28DBACB700096F73 /* Base */,
			);
			name = Main.storyboard;
			sourceTree = "<group>";
		};
		D293A82328DBACBF00096F73 /* LaunchScreen.storyboard */ = {
			isa = PBXVariantGroup;
			children = (
				D293A82428DBACBF00096F73 /* Base */,
			);
			name = LaunchScreen.storyboard;
			sourceTree = "<group>";
		};
/* End PBXVariantGroup section */

/* Begin XCBuildConfiguration section */
		D293A82728DBACBF00096F73 /* Debug */ = {
			isa = XCBuildConfiguration;
			buildSettings = {
				ALWAYS_SEARCH_USER_PATHS = NO;
				CLANG_ANALYZER_NONNULL = YES;
				CLANG_ANALYZER_NUMBER_OBJECT_CONVERSION = YES_AGGRESSIVE;
				CLANG_CXX_LANGUAGE_STANDARD = "gnu++17";
				CLANG_ENABLE_MODULES = YES;
				CLANG_ENABLE_OBJC_ARC = YES;
				CLANG_ENABLE_OBJC_WEAK = YES;
				CLANG_WARN_BLOCK_CAPTURE_AUTORELEASING = YES;
				CLANG_WARN_BOOL_CONVERSION = YES;
				CLANG_WARN_COMMA = YES;
				CLANG_WARN_CONSTANT_CONVERSION = YES;
				CLANG_WARN_DEPRECATED_OBJC_IMPLEMENTATIONS = YES;
				CLANG_WARN_DIRECT_OBJC_ISA_USAGE = YES_ERROR;
				CLANG_WARN_DOCUMENTATION_COMMENTS = YES;
				CLANG_WARN_EMPTY_BODY = YES;
				CLANG_WARN_ENUM_CONVERSION = YES;
				CLANG_WARN_INFINITE_RECURSION = YES;
				CLANG_WARN_INT_CONVERSION = YES;
				CLANG_WARN_NON_LITERAL_NULL_CONVERSION = YES;
				CLANG_WARN_OBJC_IMPLICIT_RETAIN_SELF = YES;
				CLANG_WARN_OBJC_LITERAL_CONVERSION = YES;
				CLANG_WARN_OBJC_ROOT_CLASS = YES_ERROR;
				CLANG_WARN_QUOTED_INCLUDE_IN_FRAMEWORK_HEADER = YES;
				CLANG_WARN_RANGE_LOOP_ANALYSIS = YES;
				CLANG_WARN_STRICT_PROTOTYPES = YES;
				CLANG_WARN_SUSPICIOUS_MOVE = YES;
				CLANG_WARN_UNGUARDED_AVAILABILITY = YES_AGGRESSIVE;
				CLANG_WARN_UNREACHABLE_CODE = YES;
				CLANG_WARN__DUPLICATE_METHOD_MATCH = YES;
				COPY_PHASE_STRIP = NO;
				DEBUG_INFORMATION_FORMAT = dwarf;
				ENABLE_STRICT_OBJC_MSGSEND = YES;
				ENABLE_TESTABILITY = YES;
				GCC_C_LANGUAGE_STANDARD = gnu11;
				GCC_DYNAMIC_NO_PIC = NO;
				GCC_NO_COMMON_BLOCKS = YES;
				GCC_OPTIMIZATION_LEVEL = 0;
				GCC_PREPROCESSOR_DEFINITIONS = (
					"DEBUG=1",
					"$(inherited)",
				);
				GCC_WARN_64_TO_32_BIT_CONVERSION = YES;
				GCC_WARN_ABOUT_RETURN_TYPE = YES_ERROR;
				GCC_WARN_UNDECLARED_SELECTOR = YES;
				GCC_WARN_UNINITIALIZED_AUTOS = YES_AGGRESSIVE;
				GCC_WARN_UNUSED_FUNCTION = YES;
				GCC_WARN_UNUSED_VARIABLE = YES;
				IPHONEOS_DEPLOYMENT_TARGET = 15.5;
				MTL_ENABLE_DEBUG_INFO = INCLUDE_SOURCE;
				MTL_FAST_MATH = YES;
				ONLY_ACTIVE_ARCH = YES;
				SDKROOT = iphoneos;
				SWIFT_ACTIVE_COMPILATION_CONDITIONS = DEBUG;
				SWIFT_OPTIMIZATION_LEVEL = "-Onone";
			};
			name = Debug;
		};
		D293A82828DBACBF00096F73 /* Release */ = {
			isa = XCBuildConfiguration;
			buildSettings = {
				ALWAYS_SEARCH_USER_PATHS = NO;
				CLANG_ANALYZER_NONNULL = YES;
				CLANG_ANALYZER_NUMBER_OBJECT_CONVERSION = YES_AGGRESSIVE;
				CLANG_CXX_LANGUAGE_STANDARD = "gnu++17";
				CLANG_ENABLE_MODULES = YES;
				CLANG_ENABLE_OBJC_ARC = YES;
				CLANG_ENABLE_OBJC_WEAK = YES;
				CLANG_WARN_BLOCK_CAPTURE_AUTORELEASING = YES;
				CLANG_WARN_BOOL_CONVERSION = YES;
				CLANG_WARN_COMMA = YES;
				CLANG_WARN_CONSTANT_CONVERSION = YES;
				CLANG_WARN_DEPRECATED_OBJC_IMPLEMENTATIONS = YES;
				CLANG_WARN_DIRECT_OBJC_ISA_USAGE = YES_ERROR;
				CLANG_WARN_DOCUMENTATION_COMMENTS = YES;
				CLANG_WARN_EMPTY_BODY = YES;
				CLANG_WARN_ENUM_CONVERSION = YES;
				CLANG_WARN_INFINITE_RECURSION = YES;
				CLANG_WARN_INT_CONVERSION = YES;
				CLANG_WARN_NON_LITERAL_NULL_CONVERSION = YES;
				CLANG_WARN_OBJC_IMPLICIT_RETAIN_SELF = YES;
				CLANG_WARN_OBJC_LITERAL_CONVERSION = YES;
				CLANG_WARN_OBJC_ROOT_CLASS = YES_ERROR;
				CLANG_WARN_QUOTED_INCLUDE_IN_FRAMEWORK_HEADER = YES;
				CLANG_WARN_RANGE_LOOP_ANALYSIS = YES;
				CLANG_WARN_STRICT_PROTOTYPES = YES;
				CLANG_WARN_SUSPICIOUS_MOVE = YES;
				CLANG_WARN_UNGUARDED_AVAILABILITY = YES_AGGRESSIVE;
				CLANG_WARN_UNREACHABLE_CODE = YES;
				CLANG_WARN__DUPLICATE_METHOD_MATCH = YES;
				COPY_PHASE_STRIP = NO;
				DEBUG_INFORMATION_FORMAT = "dwarf-with-dsym";
				ENABLE_NS_ASSERTIONS = NO;
				ENABLE_STRICT_OBJC_MSGSEND = YES;
				GCC_C_LANGUAGE_STANDARD = gnu11;
				GCC_NO_COMMON_BLOCKS = YES;
				GCC_WARN_64_TO_32_BIT_CONVERSION = YES;
				GCC_WARN_ABOUT_RETURN_TYPE = YES_ERROR;
				GCC_WARN_UNDECLARED_SELECTOR = YES;
				GCC_WARN_UNINITIALIZED_AUTOS = YES_AGGRESSIVE;
				GCC_WARN_UNUSED_FUNCTION = YES;
				GCC_WARN_UNUSED_VARIABLE = YES;
				IPHONEOS_DEPLOYMENT_TARGET = 15.5;
				MTL_ENABLE_DEBUG_INFO = NO;
				MTL_FAST_MATH = YES;
				SDKROOT = iphoneos;
				SWIFT_COMPILATION_MODE = wholemodule;
				SWIFT_OPTIMIZATION_LEVEL = "-O";
				VALIDATE_PRODUCT = YES;
			};
			name = Release;
		};
		D293A82A28DBACBF00096F73 /* Debug */ = {
			isa = XCBuildConfiguration;
			baseConfigurationReference = 0078BB9E6C14571CBC1BFFEA /* Pods-Weather.debug.xcconfig */;
			buildSettings = {
				ASSETCATALOG_COMPILER_APPICON_NAME = AppIcon;
				ASSETCATALOG_COMPILER_GLOBAL_ACCENT_COLOR_NAME = AccentColor;
				CODE_SIGN_STYLE = Automatic;
				CURRENT_PROJECT_VERSION = 1;
				DEVELOPMENT_TEAM = 7N9W2KAVKR;
				GENERATE_INFOPLIST_FILE = YES;
				INFOPLIST_FILE = Weather/Info.plist;
				INFOPLIST_KEY_CFBundleDisplayName = "Weather App";
				INFOPLIST_KEY_NSLocationWhenInUseUsageDescription = "Your location is required to show your local weather.";
				INFOPLIST_KEY_UIApplicationSupportsIndirectInputEvents = YES;
				INFOPLIST_KEY_UILaunchStoryboardName = LaunchScreen;
				INFOPLIST_KEY_UIMainStoryboardFile = Main;
				INFOPLIST_KEY_UISupportedInterfaceOrientations_iPad = "UIInterfaceOrientationPortrait UIInterfaceOrientationPortraitUpsideDown UIInterfaceOrientationLandscapeLeft UIInterfaceOrientationLandscapeRight";
				INFOPLIST_KEY_UISupportedInterfaceOrientations_iPhone = "UIInterfaceOrientationPortrait UIInterfaceOrientationLandscapeLeft UIInterfaceOrientationLandscapeRight";
				LD_RUNPATH_SEARCH_PATHS = (
					"$(inherited)",
					"@executable_path/Frameworks",
				);
				MARKETING_VERSION = 1.0;
				PRODUCT_BUNDLE_IDENTIFIER = com.narekghukasyan.Weather;
				PRODUCT_NAME = "$(TARGET_NAME)";
				SWIFT_EMIT_LOC_STRINGS = YES;
				SWIFT_VERSION = 5.0;
				TARGETED_DEVICE_FAMILY = "1,2";
			};
			name = Debug;
		};
		D293A82B28DBACBF00096F73 /* Release */ = {
			isa = XCBuildConfiguration;
			baseConfigurationReference = 4905CC235A1E546E36166BF6 /* Pods-Weather.release.xcconfig */;
			buildSettings = {
				ASSETCATALOG_COMPILER_APPICON_NAME = AppIcon;
				ASSETCATALOG_COMPILER_GLOBAL_ACCENT_COLOR_NAME = AccentColor;
				CODE_SIGN_STYLE = Automatic;
				CURRENT_PROJECT_VERSION = 1;
				DEVELOPMENT_TEAM = 7N9W2KAVKR;
				GENERATE_INFOPLIST_FILE = YES;
				INFOPLIST_FILE = Weather/Info.plist;
				INFOPLIST_KEY_CFBundleDisplayName = "Weather App";
				INFOPLIST_KEY_NSLocationWhenInUseUsageDescription = "Your location is required to show your local weather.";
				INFOPLIST_KEY_UIApplicationSupportsIndirectInputEvents = YES;
				INFOPLIST_KEY_UILaunchStoryboardName = LaunchScreen;
				INFOPLIST_KEY_UIMainStoryboardFile = Main;
				INFOPLIST_KEY_UISupportedInterfaceOrientations_iPad = "UIInterfaceOrientationPortrait UIInterfaceOrientationPortraitUpsideDown UIInterfaceOrientationLandscapeLeft UIInterfaceOrientationLandscapeRight";
				INFOPLIST_KEY_UISupportedInterfaceOrientations_iPhone = "UIInterfaceOrientationPortrait UIInterfaceOrientationLandscapeLeft UIInterfaceOrientationLandscapeRight";
				LD_RUNPATH_SEARCH_PATHS = (
					"$(inherited)",
					"@executable_path/Frameworks",
				);
				MARKETING_VERSION = 1.0;
				PRODUCT_BUNDLE_IDENTIFIER = com.narekghukasyan.Weather;
				PRODUCT_NAME = "$(TARGET_NAME)";
				SWIFT_EMIT_LOC_STRINGS = YES;
				SWIFT_VERSION = 5.0;
				TARGETED_DEVICE_FAMILY = "1,2";
			};
			name = Release;
		};
/* End XCBuildConfiguration section */

/* Begin XCConfigurationList section */
		D293A81028DBACB700096F73 /* Build configuration list for PBXProject "Weather" */ = {
			isa = XCConfigurationList;
			buildConfigurations = (
				D293A82728DBACBF00096F73 /* Debug */,
				D293A82828DBACBF00096F73 /* Release */,
			);
			defaultConfigurationIsVisible = 0;
			defaultConfigurationName = Release;
		};
		D293A82928DBACBF00096F73 /* Build configuration list for PBXNativeTarget "Weather" */ = {
			isa = XCConfigurationList;
			buildConfigurations = (
				D293A82A28DBACBF00096F73 /* Debug */,
				D293A82B28DBACBF00096F73 /* Release */,
			);
			defaultConfigurationIsVisible = 0;
			defaultConfigurationName = Release;
		};
/* End XCConfigurationList section */
	};
	rootObject = D293A80D28DBACB700096F73 /* Project object */;
}
